// !$*UTF8*$!
{
	archiveVersion = 1;
	classes = {
	};
	objectVersion = 50;
	objects = {

/* Begin PBXBuildFile section */
		3DDD47FF23D8059600D0F0EF /* AppDelegate.swift in Sources */ = {isa = PBXBuildFile; fileRef = 3DDD47FE23D8059600D0F0EF /* AppDelegate.swift */; };
		3DDD480123D8059600D0F0EF /* SceneDelegate.swift in Sources */ = {isa = PBXBuildFile; fileRef = 3DDD480023D8059600D0F0EF /* SceneDelegate.swift */; };
		3DDD480323D8059600D0F0EF /* ContentView.swift in Sources */ = {isa = PBXBuildFile; fileRef = 3DDD480223D8059600D0F0EF /* ContentView.swift */; };
		3DDD480523D8059800D0F0EF /* Assets.xcassets in Resources */ = {isa = PBXBuildFile; fileRef = 3DDD480423D8059800D0F0EF /* Assets.xcassets */; };
		3DDD480823D8059800D0F0EF /* Preview Assets.xcassets in Resources */ = {isa = PBXBuildFile; fileRef = 3DDD480723D8059800D0F0EF /* Preview Assets.xcassets */; };
		3DDD480B23D8059800D0F0EF /* LaunchScreen.storyboard in Resources */ = {isa = PBXBuildFile; fileRef = 3DDD480923D8059800D0F0EF /* LaunchScreen.storyboard */; };
/* End PBXBuildFile section */

/* Begin PBXFileReference section */
		3DDD47FB23D8059600D0F0EF /* Fampay-swiftUI.app */ = {isa = PBXFileReference; explicitFileType = wrapper.application; includeInIndex = 0; path = "Fampay-swiftUI.app"; sourceTree = BUILT_PRODUCTS_DIR; };
		3DDD47FE23D8059600D0F0EF /* AppDelegate.swift */ = {isa = PBXFileReference; lastKnownFileType = sourcecode.swift; path = AppDelegate.swift; sourceTree = "<group>"; };
		3DDD480023D8059600D0F0EF /* SceneDelegate.swift */ = {isa = PBXFileReference; lastKnownFileType = sourcecode.swift; path = SceneDelegate.swift; sourceTree = "<group>"; };
		3DDD480223D8059600D0F0EF /* ContentView.swift */ = {isa = PBXFileReference; lastKnownFileType = sourcecode.swift; path = ContentView.swift; sourceTree = "<group>"; };
		3DDD480423D8059800D0F0EF /* Assets.xcassets */ = {isa = PBXFileReference; lastKnownFileType = folder.assetcatalog; path = Assets.xcassets; sourceTree = "<group>"; };
		3DDD480723D8059800D0F0EF /* Preview Assets.xcassets */ = {isa = PBXFileReference; lastKnownFileType = folder.assetcatalog; path = "Preview Assets.xcassets"; sourceTree = "<group>"; };
		3DDD480A23D8059800D0F0EF /* Base */ = {isa = PBXFileReference; lastKnownFileType = file.storyboard; name = Base; path = Base.lproj/LaunchScreen.storyboard; sourceTree = "<group>"; };
		3DDD480C23D8059800D0F0EF /* Info.plist */ = {isa = PBXFileReference; lastKnownFileType = text.plist.xml; path = Info.plist; sourceTree = "<group>"; };
/* End PBXFileReference section */

/* Begin PBXFrameworksBuildPhase section */
		3DDD47F823D8059600D0F0EF /* Frameworks */ = {
			isa = PBXFrameworksBuildPhase;
			buildActionMask = 2147483647;
			files = (
			);
			runOnlyForDeploymentPostprocessing = 0;
		};
/* End PBXFrameworksBuildPhase section */

/* Begin PBXGroup section */
		3DDD47F223D8059600D0F0EF = {
			isa = PBXGroup;
			children = (
				3DDD47FD23D8059600D0F0EF /* Fampay-swiftUI */,
				3DDD47FC23D8059600D0F0EF /* Products */,
			);
			sourceTree = "<group>";
		};
		3DDD47FC23D8059600D0F0EF /* Products */ = {
			isa = PBXGroup;
			children = (
				3DDD47FB23D8059600D0F0EF /* Fampay-swiftUI.app */,
			);
			name = Products;
			sourceTree = "<group>";
		};
		3DDD47FD23D8059600D0F0EF /* Fampay-swiftUI */ = {
			isa = PBXGroup;
			children = (
				3DDD47FE23D8059600D0F0EF /* AppDelegate.swift */,
				3DDD480023D8059600D0F0EF /* SceneDelegate.swift */,
				3DDD480223D8059600D0F0EF /* ContentView.swift */,
				3DDD480423D8059800D0F0EF /* Assets.xcassets */,
				3DDD480923D8059800D0F0EF /* LaunchScreen.storyboard */,
				3DDD480C23D8059800D0F0EF /* Info.plist */,
				3DDD480623D8059800D0F0EF /* Preview Content */,
			);
			path = "Fampay-swiftUI";
			sourceTree = "<group>";
		};
		3DDD480623D8059800D0F0EF /* Preview Content */ = {
			isa = PBXGroup;
			children = (
				3DDD480723D8059800D0F0EF /* Preview Assets.xcassets */,
			);
			path = "Preview Content";
			sourceTree = "<group>";
		};
/* End PBXGroup section */

/* Begin PBXNativeTarget section */
		3DDD47FA23D8059600D0F0EF /* Fampay-swiftUI */ = {
			isa = PBXNativeTarget;
			buildConfigurationList = 3DDD480F23D8059800D0F0EF /* Build configuration list for PBXNativeTarget "Fampay-swiftUI" */;
			buildPhases = (
				3DDD47F723D8059600D0F0EF /* Sources */,
				3DDD47F823D8059600D0F0EF /* Frameworks */,
				3DDD47F923D8059600D0F0EF /* Resources */,
			);
			buildRules = (
			);
			dependencies = (
			);
			name = "Fampay-swiftUI";
			productName = "Fampay-swiftUI";
			productReference = 3DDD47FB23D8059600D0F0EF /* Fampay-swiftUI.app */;
			productType = "com.apple.product-type.application";
		};
/* End PBXNativeTarget section */

/* Begin PBXProject section */
		3DDD47F323D8059600D0F0EF /* Project object */ = {
			isa = PBXProject;
			attributes = {
				LastSwiftUpdateCheck = 1130;
				LastUpgradeCheck = 1130;
				ORGANIZATIONNAME = "Anshul Shah";
				TargetAttributes = {
					3DDD47FA23D8059600D0F0EF = {
						CreatedOnToolsVersion = 11.3.1;
					};
				};
			};
			buildConfigurationList = 3DDD47F623D8059600D0F0EF /* Build configuration list for PBXProject "Fampay-swiftUI" */;
			compatibilityVersion = "Xcode 9.3";
			developmentRegion = en;
			hasScannedForEncodings = 0;
			knownRegions = (
				en,
				Base,
			);
			mainGroup = 3DDD47F223D8059600D0F0EF;
			productRefGroup = 3DDD47FC23D8059600D0F0EF /* Products */;
			projectDirPath = "";
			projectRoot = "";
			targets = (
				3DDD47FA23D8059600D0F0EF /* Fampay-swiftUI */,
			);
		};
/* End PBXProject section */

/* Begin PBXResourcesBuildPhase section */
		3DDD47F923D8059600D0F0EF /* Resources */ = {
			isa = PBXResourcesBuildPhase;
			buildActionMask = 2147483647;
			files = (
				3DDD480B23D8059800D0F0EF /* LaunchScreen.storyboard in Resources */,
				3DDD480823D8059800D0F0EF /* Preview Assets.xcassets in Resources */,
				3DDD480523D8059800D0F0EF /* Assets.xcassets in Resources */,
			);
			runOnlyForDeploymentPostprocessing = 0;
		};
/* End PBXResourcesBuildPhase section */

/* Begin PBXSourcesBuildPhase section */
		3DDD47F723D8059600D0F0EF /* Sources */ = {
			isa = PBXSourcesBuildPhase;
			buildActionMask = 2147483647;
			files = (
				3DDD47FF23D8059600D0F0EF /* AppDelegate.swift in Sources */,
				3DDD480123D8059600D0F0EF /* SceneDelegate.swift in Sources */,
				3DDD480323D8059600D0F0EF /* ContentView.swift in Sources */,
			);
			runOnlyForDeploymentPostprocessing = 0;
		};
/* End PBXSourcesBuildPhase section */

/* Begin PBXVariantGroup section */
		3DDD480923D8059800D0F0EF /* LaunchScreen.storyboard */ = {
			isa = PBXVariantGroup;
			children = (
				3DDD480A23D8059800D0F0EF /* Base */,
			);
			name = LaunchScreen.storyboard;
			sourceTree = "<group>";
		};
/* End PBXVariantGroup section */

/* Begin XCBuildConfiguration section */
		3DDD480D23D8059800D0F0EF /* Debug */ = {
			isa = XCBuildConfiguration;
			buildSettings = {
				ALWAYS_SEARCH_USER_PATHS = NO;
				CLANG_ANALYZER_NONNULL = YES;
				CLANG_ANALYZER_NUMBER_OBJECT_CONVERSION = YES_AGGRESSIVE;
				CLANG_CXX_LANGUAGE_STANDARD = "gnu++14";
				CLANG_CXX_LIBRARY = "libc++";
				CLANG_ENABLE_MODULES = YES;
				CLANG_ENABLE_OBJC_ARC = YES;
				CLANG_ENABLE_OBJC_WEAK = YES;
				CLANG_WARN_BLOCK_CAPTURE_AUTORELEASING = YES;
				CLANG_WARN_BOOL_CONVERSION = YES;
				CLANG_WARN_COMMA = YES;
				CLANG_WARN_CONSTANT_CONVERSION = YES;
				CLANG_WARN_DEPRECATED_OBJC_IMPLEMENTATIONS = YES;
				CLANG_WARN_DIRECT_OBJC_ISA_USAGE = YES_ERROR;
				CLANG_WARN_DOCUMENTATION_COMMENTS = YES;
				CLANG_WARN_EMPTY_BODY = YES;
				CLANG_WARN_ENUM_CONVERSION = YES;
				CLANG_WARN_INFINITE_RECURSION = YES;
				CLANG_WARN_INT_CONVERSION = YES;
				CLANG_WARN_NON_LITERAL_NULL_CONVERSION = YES;
				CLANG_WARN_OBJC_IMPLICIT_RETAIN_SELF = YES;
				CLANG_WARN_OBJC_LITERAL_CONVERSION = YES;
				CLANG_WARN_OBJC_ROOT_CLASS = YES_ERROR;
				CLANG_WARN_RANGE_LOOP_ANALYSIS = YES;
				CLANG_WARN_STRICT_PROTOTYPES = YES;
				CLANG_WARN_SUSPICIOUS_MOVE = YES;
				CLANG_WARN_UNGUARDED_AVAILABILITY = YES_AGGRESSIVE;
				CLANG_WARN_UNREACHABLE_CODE = YES;
				CLANG_WARN__DUPLICATE_METHOD_MATCH = YES;
				COPY_PHASE_STRIP = NO;
				DEBUG_INFORMATION_FORMAT = dwarf;
				ENABLE_STRICT_OBJC_MSGSEND = YES;
				ENABLE_TESTABILITY = YES;
				GCC_C_LANGUAGE_STANDARD = gnu11;
				GCC_DYNAMIC_NO_PIC = NO;
				GCC_NO_COMMON_BLOCKS = YES;
				GCC_OPTIMIZATION_LEVEL = 0;
				GCC_PREPROCESSOR_DEFINITIONS = (
					"DEBUG=1",
					"$(inherited)",
				);
				GCC_WARN_64_TO_32_BIT_CONVERSION = YES;
				GCC_WARN_ABOUT_RETURN_TYPE = YES_ERROR;
				GCC_WARN_UNDECLARED_SELECTOR = YES;
				GCC_WARN_UNINITIALIZED_AUTOS = YES_AGGRESSIVE;
				GCC_WARN_UNUSED_FUNCTION = YES;
				GCC_WARN_UNUSED_VARIABLE = YES;
				IPHONEOS_DEPLOYMENT_TARGET = 13.2;
				MTL_ENABLE_DEBUG_INFO = INCLUDE_SOURCE;
				MTL_FAST_MATH = YES;
				ONLY_ACTIVE_ARCH = YES;
				SDKROOT = iphoneos;
				SWIFT_ACTIVE_COMPILATION_CONDITIONS = DEBUG;
				SWIFT_OPTIMIZATION_LEVEL = "-Onone";
			};
			name = Debug;
		};
		3DDD480E23D8059800D0F0EF /* Release */ = {
			isa = XCBuildConfiguration;
			buildSettings = {
				ALWAYS_SEARCH_USER_PATHS = NO;
				CLANG_ANALYZER_NONNULL = YES;
				CLANG_ANALYZER_NUMBER_OBJECT_CONVERSION = YES_AGGRESSIVE;
				CLANG_CXX_LANGUAGE_STANDARD = "gnu++14";
				CLANG_CXX_LIBRARY = "libc++";
				CLANG_ENABLE_MODULES = YES;
				CLANG_ENABLE_OBJC_ARC = YES;
				CLANG_ENABLE_OBJC_WEAK = YES;
				CLANG_WARN_BLOCK_CAPTURE_AUTORELEASING = YES;
				CLANG_WARN_BOOL_CONVERSION = YES;
				CLANG_WARN_COMMA = YES;
				CLANG_WARN_CONSTANT_CONVERSION = YES;
				CLANG_WARN_DEPRECATED_OBJC_IMPLEMENTATIONS = YES;
				CLANG_WARN_DIRECT_OBJC_ISA_USAGE = YES_ERROR;
				CLANG_WARN_DOCUMENTATION_COMMENTS = YES;
				CLANG_WARN_EMPTY_BODY = YES;
				CLANG_WARN_ENUM_CONVERSION = YES;
				CLANG_WARN_INFINITE_RECURSION = YES;
				CLANG_WARN_INT_CONVERSION = YES;
				CLANG_WARN_NON_LITERAL_NULL_CONVERSION = YES;
				CLANG_WARN_OBJC_IMPLICIT_RETAIN_SELF = YES;
				CLANG_WARN_OBJC_LITERAL_CONVERSION = YES;
				CLANG_WARN_OBJC_ROOT_CLASS = YES_ERROR;
				CLANG_WARN_RANGE_LOOP_ANALYSIS = YES;
				CLANG_WARN_STRICT_PROTOTYPES = YES;
				CLANG_WARN_SUSPICIOUS_MOVE = YES;
				CLANG_WARN_UNGUARDED_AVAILABILITY = YES_AGGRESSIVE;
				CLANG_WARN_UNREACHABLE_CODE = YES;
				CLANG_WARN__DUPLICATE_METHOD_MATCH = YES;
				COPY_PHASE_STRIP = NO;
				DEBUG_INFORMATION_FORMAT = "dwarf-with-dsym";
				ENABLE_NS_ASSERTIONS = NO;
				ENABLE_STRICT_OBJC_MSGSEND = YES;
				GCC_C_LANGUAGE_STANDARD = gnu11;
				GCC_NO_COMMON_BLOCKS = YES;
				GCC_WARN_64_TO_32_BIT_CONVERSION = YES;
				GCC_WARN_ABOUT_RETURN_TYPE = YES_ERROR;
				GCC_WARN_UNDECLARED_SELECTOR = YES;
				GCC_WARN_UNINITIALIZED_AUTOS = YES_AGGRESSIVE;
				GCC_WARN_UNUSED_FUNCTION = YES;
				GCC_WARN_UNUSED_VARIABLE = YES;
				IPHONEOS_DEPLOYMENT_TARGET = 13.2;
				MTL_ENABLE_DEBUG_INFO = NO;
				MTL_FAST_MATH = YES;
				SDKROOT = iphoneos;
				SWIFT_COMPILATION_MODE = wholemodule;
				SWIFT_OPTIMIZATION_LEVEL = "-O";
				VALIDATE_PRODUCT = YES;
			};
			name = Release;
		};
		3DDD481023D8059800D0F0EF /* Debug */ = {
			isa = XCBuildConfiguration;
			buildSettings = {
				ASSETCATALOG_COMPILER_APPICON_NAME = AppIcon;
				CODE_SIGN_STYLE = Automatic;
				DEVELOPMENT_ASSET_PATHS = "\"Fampay-swiftUI/Preview Content\"";
				DEVELOPMENT_TEAM = WH73MRM64F;
				ENABLE_PREVIEWS = YES;
				INFOPLIST_FILE = "Fampay-swiftUI/Info.plist";
				LD_RUNPATH_SEARCH_PATHS = (
					"$(inherited)",
					"@executable_path/Frameworks",
				);
				PRODUCT_BUNDLE_IDENTIFIER = "shah.anshul.Fampay-swiftUI";
				PRODUCT_NAME = "$(TARGET_NAME)";
				SWIFT_VERSION = 5.0;
				TARGETED_DEVICE_FAMILY = "1,2";
			};
			name = Debug;
		};
		3DDD481123D8059800D0F0EF /* Release */ = {
			isa = XCBuildConfiguration;
			buildSettings = {
				ASSETCATALOG_COMPILER_APPICON_NAME = AppIcon;
				CODE_SIGN_STYLE = Automatic;
				DEVELOPMENT_ASSET_PATHS = "\"Fampay-swiftUI/Preview Content\"";
				DEVELOPMENT_TEAM = WH73MRM64F;
				ENABLE_PREVIEWS = YES;
				INFOPLIST_FILE = "Fampay-swiftUI/Info.plist";
				LD_RUNPATH_SEARCH_PATHS = (
					"$(inherited)",
					"@executable_path/Frameworks",
				);
				PRODUCT_BUNDLE_IDENTIFIER = "shah.anshul.Fampay-swiftUI";
				PRODUCT_NAME = "$(TARGET_NAME)";
				SWIFT_VERSION = 5.0;
				TARGETED_DEVICE_FAMILY = "1,2";
			};
			name = Release;
		};
/* End XCBuildConfiguration section */

/* Begin XCConfigurationList section */
		3DDD47F623D8059600D0F0EF /* Build configuration list for PBXProject "Fampay-swiftUI" */ = {
			isa = XCConfigurationList;
			buildConfigurations = (
				3DDD480D23D8059800D0F0EF /* Debug */,
				3DDD480E23D8059800D0F0EF /* Release */,
			);
			defaultConfigurationIsVisible = 0;
			defaultConfigurationName = Release;
		};
		3DDD480F23D8059800D0F0EF /* Build configuration list for PBXNativeTarget "Fampay-swiftUI" */ = {
			isa = XCConfigurationList;
			buildConfigurations = (
				3DDD481023D8059800D0F0EF /* Debug */,
				3DDD481123D8059800D0F0EF /* Release */,
			);
			defaultConfigurationIsVisible = 0;
			defaultConfigurationName = Release;
		};
/* End XCConfigurationList section */
	};
	rootObject = 3DDD47F323D8059600D0F0EF /* Project object */;
}
